
Microsoft Visual Studio Solution File, Format Version 12.00
# Visual Studio Version 17
VisualStudioVersion = 17.0.32112.339
MinimumVisualStudioVersion = 10.0.40219.1
Project("{FAE04EC0-301F-11D3-BF4B-00C04F79EFBC}") = "ImportDLLfiles", "ImportDLLfiles.csproj", "{E5480AC5-A043-4749-A628-23FE124FEDDF}"
EndProject
Global
	GlobalSection(SolutionConfigurationPlatforms) = preSolution
		Debug|Any CPU = Debug|Any CPU
		Debug|Default = Debug|Default
		Release|Any CPU = Release|Any CPU
		Release|Default = Release|Default
	EndGlobalSection
	GlobalSection(ProjectConfigurationPlatforms) = postSolution
		{E5480AC5-A043-4749-A628-23FE124FEDDF}.Debug|Any CPU.ActiveCfg = Debug|Any CPU
		{E5480AC5-A043-4749-A628-23FE124FEDDF}.Debug|Any CPU.Build.0 = Debug|Any CPU
		{E5480AC5-A043-4749-A628-23FE124FEDDF}.Debug|Default.ActiveCfg = Debug|Any CPU
		{E5480AC5-A043-4749-A628-23FE124FEDDF}.Debug|Default.Build.0 = Debug|Any CPU
		{E5480AC5-A043-4749-A628-23FE124FEDDF}.Release|Any CPU.ActiveCfg = Release|Any CPU
		{E5480AC5-A043-4749-A628-23FE124FEDDF}.Release|Any CPU.Build.0 = Release|Any CPU
		{E5480AC5-A043-4749-A628-23FE124FEDDF}.Release|Default.ActiveCfg = Release|Any CPU
		{E5480AC5-A043-4749-A628-23FE124FEDDF}.Release|Default.Build.0 = Release|Any CPU
	EndGlobalSection
	GlobalSection(SolutionProperties) = preSolution
		HideSolutionNode = FALSE
	EndGlobalSection
	GlobalSection(ExtensibilityGlobals) = postSolution
		SolutionGuid = {08607111-6D2B-41D5-A5DD-A0F4744D344D}
	EndGlobalSection
	GlobalSection(SolutionConfigurationPlatforms) = preSolution
		Debug|Any CPU = Debug|Any CPU
		Debug|Default = Debug|Default
		Release|Any CPU = Release|Any CPU
		Release|Default = Release|Default
	EndGlobalSection
	GlobalSection(SolutionConfigurationPlatforms) = preSolution
		Debug|Any CPU = Debug|Any CPU
		Debug|Default = Debug|Default
		Release|Any CPU = Release|Any CPU
		Release|Default = Release|Default
	EndGlobalSection
EndGlobal
